
Microsoft Visual Studio Solution File, Format Version 12.00
# Visual Studio Version 16
VisualStudioVersion = 16.0.30413.136
MinimumVisualStudioVersion = 10.0.40219.1
Project("{FAE04EC0-301F-11D3-BF4B-00C04F79EFBC}") = "Nested_Switch", "Nested_Switch.csproj", "{D5568A29-A05D-4840-BC72-4DA9565D3DEF}"
EndProject
Global
	GlobalSection(SolutionConfigurationPlatforms) = preSolution
		Debug|Any CPU = Debug|Any CPU
		Release|Any CPU = Release|Any CPU
	EndGlobalSection
	GlobalSection(ProjectConfigurationPlatforms) = postSolution
		{D5568A29-A05D-4840-BC72-4DA9565D3DEF}.Debug|Any CPU.ActiveCfg = Debug|Any CPU
		{D5568A29-A05D-4840-BC72-4DA9565D3DEF}.Debug|Any CPU.Build.0 = Debug|Any CPU
		{D5568A29-A05D-4840-BC72-4DA9565D3DEF}.Release|Any CPU.ActiveCfg = Release|Any CPU
		{D5568A29-A05D-4840-BC72-4DA9565D3DEF}.Release|Any CPU.Build.0 = Release|Any CPU
	EndGlobalSection
	GlobalSection(SolutionProperties) = preSolution
		HideSolutionNode = FALSE
	EndGlobalSection
	GlobalSection(ExtensibilityGlobals) = postSolution
		SolutionGuid = {EEB93096-936F-426D-AB73-5C9F4BB17430}
	EndGlobalSection
EndGlobal
