
Microsoft Visual Studio Solution File, Format Version 12.00
# Visual Studio Version 16
VisualStudioVersion = 16.0.30413.136
MinimumVisualStudioVersion = 10.0.40219.1
Project("{FAE04EC0-301F-11D3-BF4B-00C04F79EFBC}") = "Enum_values", "Enum_values.csproj", "{456E440C-0661-492E-A50E-6AB65B54B2FE}"
EndProject
Global
	GlobalSection(SolutionConfigurationPlatforms) = preSolution
		Debug|Any CPU = Debug|Any CPU
		Release|Any CPU = Release|Any CPU
	EndGlobalSection
	GlobalSection(ProjectConfigurationPlatforms) = postSolution
		{456E440C-0661-492E-A50E-6AB65B54B2FE}.Debug|Any CPU.ActiveCfg = Debug|Any CPU
		{456E440C-0661-492E-A50E-6AB65B54B2FE}.Debug|Any CPU.Build.0 = Debug|Any CPU
		{456E440C-0661-492E-A50E-6AB65B54B2FE}.Release|Any CPU.ActiveCfg = Release|Any CPU
		{456E440C-0661-492E-A50E-6AB65B54B2FE}.Release|Any CPU.Build.0 = Release|Any CPU
	EndGlobalSection
	GlobalSection(SolutionProperties) = preSolution
		HideSolutionNode = FALSE
	EndGlobalSection
	GlobalSection(ExtensibilityGlobals) = postSolution
		SolutionGuid = {045DA619-D998-42E6-A0F9-7976452FBFB3}
	EndGlobalSection
EndGlobal
