
Microsoft Visual Studio Solution File, Format Version 12.00
# Visual Studio Version 16
VisualStudioVersion = 16.0.30413.136
MinimumVisualStudioVersion = 10.0.40219.1
Project("{FAE04EC0-301F-11D3-BF4B-00C04F79EFBC}") = "Break_Continue", "Break_Continue.csproj", "{8308CC25-158A-4996-9238-93ED6F0F874A}"
EndProject
Global
	GlobalSection(SolutionConfigurationPlatforms) = preSolution
		Debug|Any CPU = Debug|Any CPU
		Release|Any CPU = Release|Any CPU
	EndGlobalSection
	GlobalSection(ProjectConfigurationPlatforms) = postSolution
		{8308CC25-158A-4996-9238-93ED6F0F874A}.Debug|Any CPU.ActiveCfg = Debug|Any CPU
		{8308CC25-158A-4996-9238-93ED6F0F874A}.Debug|Any CPU.Build.0 = Debug|Any CPU
		{8308CC25-158A-4996-9238-93ED6F0F874A}.Release|Any CPU.ActiveCfg = Release|Any CPU
		{8308CC25-158A-4996-9238-93ED6F0F874A}.Release|Any CPU.Build.0 = Release|Any CPU
	EndGlobalSection
	GlobalSection(SolutionProperties) = preSolution
		HideSolutionNode = FALSE
	EndGlobalSection
	GlobalSection(ExtensibilityGlobals) = postSolution
		SolutionGuid = {BCD1D9F8-764E-4862-B45E-00C816BB6CFF}
	EndGlobalSection
EndGlobal
