
Microsoft Visual Studio Solution File, Format Version 12.00
# Visual Studio Version 16
VisualStudioVersion = 16.0.30413.136
MinimumVisualStudioVersion = 10.0.40219.1
Project("{FAE04EC0-301F-11D3-BF4B-00C04F79EFBC}") = "add_two_int", "add_two_int.csproj", "{DABD2254-AEF7-48DD-9FD1-E660804AA9F7}"
EndProject
Global
	GlobalSection(SolutionConfigurationPlatforms) = preSolution
		Debug|Any CPU = Debug|Any CPU
		Release|Any CPU = Release|Any CPU
	EndGlobalSection
	GlobalSection(ProjectConfigurationPlatforms) = postSolution
		{DABD2254-AEF7-48DD-9FD1-E660804AA9F7}.Debug|Any CPU.ActiveCfg = Debug|Any CPU
		{DABD2254-AEF7-48DD-9FD1-E660804AA9F7}.Debug|Any CPU.Build.0 = Debug|Any CPU
		{DABD2254-AEF7-48DD-9FD1-E660804AA9F7}.Release|Any CPU.ActiveCfg = Release|Any CPU
		{DABD2254-AEF7-48DD-9FD1-E660804AA9F7}.Release|Any CPU.Build.0 = Release|Any CPU
	EndGlobalSection
	GlobalSection(SolutionProperties) = preSolution
		HideSolutionNode = FALSE
	EndGlobalSection
	GlobalSection(ExtensibilityGlobals) = postSolution
		SolutionGuid = {4D73A3E8-C6CA-4F2F-A936-CCE255547AEA}
	EndGlobalSection
EndGlobal
