
Microsoft Visual Studio Solution File, Format Version 12.00
# Visual Studio Version 16
VisualStudioVersion = 16.0.30413.136
MinimumVisualStudioVersion = 10.0.40219.1
Project("{FAE04EC0-301F-11D3-BF4B-00C04F79EFBC}") = "Del_num_frm_array", "Del_num_frm_array.csproj", "{82869B2A-A895-4EFD-B95D-5BCE291D84D1}"
EndProject
Global
	GlobalSection(SolutionConfigurationPlatforms) = preSolution
		Debug|Any CPU = Debug|Any CPU
		Release|Any CPU = Release|Any CPU
	EndGlobalSection
	GlobalSection(ProjectConfigurationPlatforms) = postSolution
		{82869B2A-A895-4EFD-B95D-5BCE291D84D1}.Debug|Any CPU.ActiveCfg = Debug|Any CPU
		{82869B2A-A895-4EFD-B95D-5BCE291D84D1}.Debug|Any CPU.Build.0 = Debug|Any CPU
		{82869B2A-A895-4EFD-B95D-5BCE291D84D1}.Release|Any CPU.ActiveCfg = Release|Any CPU
		{82869B2A-A895-4EFD-B95D-5BCE291D84D1}.Release|Any CPU.Build.0 = Release|Any CPU
	EndGlobalSection
	GlobalSection(SolutionProperties) = preSolution
		HideSolutionNode = FALSE
	EndGlobalSection
	GlobalSection(ExtensibilityGlobals) = postSolution
		SolutionGuid = {2AC7E549-D267-448E-B966-CEFE2F66317D}
	EndGlobalSection
EndGlobal
