
Microsoft Visual Studio Solution File, Format Version 12.00
# Visual Studio Version 16
VisualStudioVersion = 16.0.30413.136
MinimumVisualStudioVersion = 10.0.40219.1
Project("{FAE04EC0-301F-11D3-BF4B-00C04F79EFBC}") = "Object", "Object.csproj", "{C77C8EB7-5F8B-4B4B-AEF7-BD4ACB0E7D61}"
EndProject
Global
	GlobalSection(SolutionConfigurationPlatforms) = preSolution
		Debug|Any CPU = Debug|Any CPU
		Release|Any CPU = Release|Any CPU
	EndGlobalSection
	GlobalSection(ProjectConfigurationPlatforms) = postSolution
		{C77C8EB7-5F8B-4B4B-AEF7-BD4ACB0E7D61}.Debug|Any CPU.ActiveCfg = Debug|Any CPU
		{C77C8EB7-5F8B-4B4B-AEF7-BD4ACB0E7D61}.Debug|Any CPU.Build.0 = Debug|Any CPU
		{C77C8EB7-5F8B-4B4B-AEF7-BD4ACB0E7D61}.Release|Any CPU.ActiveCfg = Release|Any CPU
		{C77C8EB7-5F8B-4B4B-AEF7-BD4ACB0E7D61}.Release|Any CPU.Build.0 = Release|Any CPU
	EndGlobalSection
	GlobalSection(SolutionProperties) = preSolution
		HideSolutionNode = FALSE
	EndGlobalSection
	GlobalSection(ExtensibilityGlobals) = postSolution
		SolutionGuid = {82A5DB5E-8A74-4099-B186-B58EAADC21DD}
	EndGlobalSection
EndGlobal
