
Microsoft Visual Studio Solution File, Format Version 12.00
# Visual Studio Version 16
VisualStudioVersion = 16.0.30413.136
MinimumVisualStudioVersion = 10.0.40219.1
Project("{FAE04EC0-301F-11D3-BF4B-00C04F79EFBC}") = "Inheritance", "Inheritance.csproj", "{5A55266A-6375-4DB5-A2B4-13794F8C18C8}"
EndProject
Global
	GlobalSection(SolutionConfigurationPlatforms) = preSolution
		Debug|Any CPU = Debug|Any CPU
		Release|Any CPU = Release|Any CPU
	EndGlobalSection
	GlobalSection(ProjectConfigurationPlatforms) = postSolution
		{5A55266A-6375-4DB5-A2B4-13794F8C18C8}.Debug|Any CPU.ActiveCfg = Debug|Any CPU
		{5A55266A-6375-4DB5-A2B4-13794F8C18C8}.Debug|Any CPU.Build.0 = Debug|Any CPU
		{5A55266A-6375-4DB5-A2B4-13794F8C18C8}.Release|Any CPU.ActiveCfg = Release|Any CPU
		{5A55266A-6375-4DB5-A2B4-13794F8C18C8}.Release|Any CPU.Build.0 = Release|Any CPU
	EndGlobalSection
	GlobalSection(SolutionProperties) = preSolution
		HideSolutionNode = FALSE
	EndGlobalSection
	GlobalSection(ExtensibilityGlobals) = postSolution
		SolutionGuid = {B1E9D538-7151-497C-926E-6F2C3A1B035E}
	EndGlobalSection
EndGlobal
