
Microsoft Visual Studio Solution File, Format Version 12.00
# Visual Studio Version 16
VisualStudioVersion = 16.0.30413.136
MinimumVisualStudioVersion = 10.0.40219.1
Project("{FAE04EC0-301F-11D3-BF4B-00C04F79EFBC}") = "for_each", "for_each.csproj", "{081DF0CA-86F8-4C68-9199-956EC3DD47BE}"
EndProject
Global
	GlobalSection(SolutionConfigurationPlatforms) = preSolution
		Debug|Any CPU = Debug|Any CPU
		Release|Any CPU = Release|Any CPU
	EndGlobalSection
	GlobalSection(ProjectConfigurationPlatforms) = postSolution
		{081DF0CA-86F8-4C68-9199-956EC3DD47BE}.Debug|Any CPU.ActiveCfg = Debug|Any CPU
		{081DF0CA-86F8-4C68-9199-956EC3DD47BE}.Debug|Any CPU.Build.0 = Debug|Any CPU
		{081DF0CA-86F8-4C68-9199-956EC3DD47BE}.Release|Any CPU.ActiveCfg = Release|Any CPU
		{081DF0CA-86F8-4C68-9199-956EC3DD47BE}.Release|Any CPU.Build.0 = Release|Any CPU
	EndGlobalSection
	GlobalSection(SolutionProperties) = preSolution
		HideSolutionNode = FALSE
	EndGlobalSection
	GlobalSection(ExtensibilityGlobals) = postSolution
		SolutionGuid = {CCE74AA4-ADCE-4948-96F6-50218B366F95}
	EndGlobalSection
EndGlobal
