
Microsoft Visual Studio Solution File, Format Version 12.00
# Visual Studio Version 16
VisualStudioVersion = 16.0.30413.136
MinimumVisualStudioVersion = 10.0.40219.1
Project("{FAE04EC0-301F-11D3-BF4B-00C04F79EFBC}") = "Matrix_addition", "Matrix_addition.csproj", "{8B4E385A-44F7-4843-B2FD-576E79D273D3}"
EndProject
Global
	GlobalSection(SolutionConfigurationPlatforms) = preSolution
		Debug|Any CPU = Debug|Any CPU
		Release|Any CPU = Release|Any CPU
	EndGlobalSection
	GlobalSection(ProjectConfigurationPlatforms) = postSolution
		{8B4E385A-44F7-4843-B2FD-576E79D273D3}.Debug|Any CPU.ActiveCfg = Debug|Any CPU
		{8B4E385A-44F7-4843-B2FD-576E79D273D3}.Debug|Any CPU.Build.0 = Debug|Any CPU
		{8B4E385A-44F7-4843-B2FD-576E79D273D3}.Release|Any CPU.ActiveCfg = Release|Any CPU
		{8B4E385A-44F7-4843-B2FD-576E79D273D3}.Release|Any CPU.Build.0 = Release|Any CPU
	EndGlobalSection
	GlobalSection(SolutionProperties) = preSolution
		HideSolutionNode = FALSE
	EndGlobalSection
	GlobalSection(ExtensibilityGlobals) = postSolution
		SolutionGuid = {A24A8EA4-B1FD-4F9D-AD6D-81359ACD070C}
	EndGlobalSection
EndGlobal
