
Microsoft Visual Studio Solution File, Format Version 12.00
# Visual Studio Version 16
VisualStudioVersion = 16.0.30413.136
MinimumVisualStudioVersion = 10.0.40219.1
Project("{FAE04EC0-301F-11D3-BF4B-00C04F79EFBC}") = "Area_of_Sphere", "Area_of_Sphere.csproj", "{0366A0C4-10A4-4516-A714-5990A1C0832D}"
EndProject
Global
	GlobalSection(SolutionConfigurationPlatforms) = preSolution
		Debug|Any CPU = Debug|Any CPU
		Release|Any CPU = Release|Any CPU
	EndGlobalSection
	GlobalSection(ProjectConfigurationPlatforms) = postSolution
		{0366A0C4-10A4-4516-A714-5990A1C0832D}.Debug|Any CPU.ActiveCfg = Debug|Any CPU
		{0366A0C4-10A4-4516-A714-5990A1C0832D}.Debug|Any CPU.Build.0 = Debug|Any CPU
		{0366A0C4-10A4-4516-A714-5990A1C0832D}.Release|Any CPU.ActiveCfg = Release|Any CPU
		{0366A0C4-10A4-4516-A714-5990A1C0832D}.Release|Any CPU.Build.0 = Release|Any CPU
	EndGlobalSection
	GlobalSection(SolutionProperties) = preSolution
		HideSolutionNode = FALSE
	EndGlobalSection
	GlobalSection(ExtensibilityGlobals) = postSolution
		SolutionGuid = {8E65F5D2-C280-4C25-9382-4DB208AFFF94}
	EndGlobalSection
EndGlobal
