
Microsoft Visual Studio Solution File, Format Version 12.00
# Visual Studio Version 16
VisualStudioVersion = 16.0.30413.136
MinimumVisualStudioVersion = 10.0.40219.1
Project("{FAE04EC0-301F-11D3-BF4B-00C04F79EFBC}") = "Random_num_generator", "Random_num_generator.csproj", "{055D2140-23EF-4B80-9F5C-3F9C4C620740}"
EndProject
Global
	GlobalSection(SolutionConfigurationPlatforms) = preSolution
		Debug|Any CPU = Debug|Any CPU
		Release|Any CPU = Release|Any CPU
	EndGlobalSection
	GlobalSection(ProjectConfigurationPlatforms) = postSolution
		{055D2140-23EF-4B80-9F5C-3F9C4C620740}.Debug|Any CPU.ActiveCfg = Debug|Any CPU
		{055D2140-23EF-4B80-9F5C-3F9C4C620740}.Debug|Any CPU.Build.0 = Debug|Any CPU
		{055D2140-23EF-4B80-9F5C-3F9C4C620740}.Release|Any CPU.ActiveCfg = Release|Any CPU
		{055D2140-23EF-4B80-9F5C-3F9C4C620740}.Release|Any CPU.Build.0 = Release|Any CPU
	EndGlobalSection
	GlobalSection(SolutionProperties) = preSolution
		HideSolutionNode = FALSE
	EndGlobalSection
	GlobalSection(ExtensibilityGlobals) = postSolution
		SolutionGuid = {178EB65B-4613-4026-B487-D5BF6B71C9A1}
	EndGlobalSection
EndGlobal
