
Microsoft Visual Studio Solution File, Format Version 12.00
# Visual Studio Version 16
VisualStudioVersion = 16.0.30413.136
MinimumVisualStudioVersion = 10.0.40219.1
Project("{FAE04EC0-301F-11D3-BF4B-00C04F79EFBC}") = "weekday", "weekday.csproj", "{4B32A1B2-B649-41EA-A249-BFC4BC128CD8}"
EndProject
Global
	GlobalSection(SolutionConfigurationPlatforms) = preSolution
		Debug|Any CPU = Debug|Any CPU
		Release|Any CPU = Release|Any CPU
	EndGlobalSection
	GlobalSection(ProjectConfigurationPlatforms) = postSolution
		{4B32A1B2-B649-41EA-A249-BFC4BC128CD8}.Debug|Any CPU.ActiveCfg = Debug|Any CPU
		{4B32A1B2-B649-41EA-A249-BFC4BC128CD8}.Debug|Any CPU.Build.0 = Debug|Any CPU
		{4B32A1B2-B649-41EA-A249-BFC4BC128CD8}.Release|Any CPU.ActiveCfg = Release|Any CPU
		{4B32A1B2-B649-41EA-A249-BFC4BC128CD8}.Release|Any CPU.Build.0 = Release|Any CPU
	EndGlobalSection
	GlobalSection(SolutionProperties) = preSolution
		HideSolutionNode = FALSE
	EndGlobalSection
	GlobalSection(ExtensibilityGlobals) = postSolution
		SolutionGuid = {7164EFCB-AC2E-4D69-93CC-D6FF39C8C966}
	EndGlobalSection
EndGlobal
