
Microsoft Visual Studio Solution File, Format Version 12.00
# Visual Studio Version 16
VisualStudioVersion = 16.0.30413.136
MinimumVisualStudioVersion = 10.0.40219.1
Project("{FAE04EC0-301F-11D3-BF4B-00C04F79EFBC}") = "Transpose_of_Matrix", "Transpose_of_Matrix.csproj", "{73E0663F-FC4D-4585-B561-74CBA1A0E811}"
EndProject
Global
	GlobalSection(SolutionConfigurationPlatforms) = preSolution
		Debug|Any CPU = Debug|Any CPU
		Release|Any CPU = Release|Any CPU
	EndGlobalSection
	GlobalSection(ProjectConfigurationPlatforms) = postSolution
		{73E0663F-FC4D-4585-B561-74CBA1A0E811}.Debug|Any CPU.ActiveCfg = Debug|Any CPU
		{73E0663F-FC4D-4585-B561-74CBA1A0E811}.Debug|Any CPU.Build.0 = Debug|Any CPU
		{73E0663F-FC4D-4585-B561-74CBA1A0E811}.Release|Any CPU.ActiveCfg = Release|Any CPU
		{73E0663F-FC4D-4585-B561-74CBA1A0E811}.Release|Any CPU.Build.0 = Release|Any CPU
	EndGlobalSection
	GlobalSection(SolutionProperties) = preSolution
		HideSolutionNode = FALSE
	EndGlobalSection
	GlobalSection(ExtensibilityGlobals) = postSolution
		SolutionGuid = {86D0E326-8A5B-47E9-8D02-74636C8A5B8B}
	EndGlobalSection
EndGlobal
