
Microsoft Visual Studio Solution File, Format Version 12.00
# Visual Studio Version 16
VisualStudioVersion = 16.0.30413.136
MinimumVisualStudioVersion = 10.0.40219.1
Project("{FAE04EC0-301F-11D3-BF4B-00C04F79EFBC}") = "Queue", "Queue.csproj", "{80BB50EA-E8CB-4E4F-88D1-F946D9BE654D}"
EndProject
Global
	GlobalSection(SolutionConfigurationPlatforms) = preSolution
		Debug|Any CPU = Debug|Any CPU
		Release|Any CPU = Release|Any CPU
	EndGlobalSection
	GlobalSection(ProjectConfigurationPlatforms) = postSolution
		{80BB50EA-E8CB-4E4F-88D1-F946D9BE654D}.Debug|Any CPU.ActiveCfg = Debug|Any CPU
		{80BB50EA-E8CB-4E4F-88D1-F946D9BE654D}.Debug|Any CPU.Build.0 = Debug|Any CPU
		{80BB50EA-E8CB-4E4F-88D1-F946D9BE654D}.Release|Any CPU.ActiveCfg = Release|Any CPU
		{80BB50EA-E8CB-4E4F-88D1-F946D9BE654D}.Release|Any CPU.Build.0 = Release|Any CPU
	EndGlobalSection
	GlobalSection(SolutionProperties) = preSolution
		HideSolutionNode = FALSE
	EndGlobalSection
	GlobalSection(ExtensibilityGlobals) = postSolution
		SolutionGuid = {DBE5E325-F7F6-4606-8F2B-EF1BFB055CA0}
	EndGlobalSection
EndGlobal
