
Microsoft Visual Studio Solution File, Format Version 12.00
# Visual Studio Version 16
VisualStudioVersion = 16.0.30413.136
MinimumVisualStudioVersion = 10.0.40219.1
Project("{FAE04EC0-301F-11D3-BF4B-00C04F79EFBC}") = "Negative_to_Positive", "Negative_to_Positive.csproj", "{ED72B1A5-D0A3-4E5C-9FCC-710F8778198E}"
EndProject
Global
	GlobalSection(SolutionConfigurationPlatforms) = preSolution
		Debug|Any CPU = Debug|Any CPU
		Release|Any CPU = Release|Any CPU
	EndGlobalSection
	GlobalSection(ProjectConfigurationPlatforms) = postSolution
		{ED72B1A5-D0A3-4E5C-9FCC-710F8778198E}.Debug|Any CPU.ActiveCfg = Debug|Any CPU
		{ED72B1A5-D0A3-4E5C-9FCC-710F8778198E}.Debug|Any CPU.Build.0 = Debug|Any CPU
		{ED72B1A5-D0A3-4E5C-9FCC-710F8778198E}.Release|Any CPU.ActiveCfg = Release|Any CPU
		{ED72B1A5-D0A3-4E5C-9FCC-710F8778198E}.Release|Any CPU.Build.0 = Release|Any CPU
	EndGlobalSection
	GlobalSection(SolutionProperties) = preSolution
		HideSolutionNode = FALSE
	EndGlobalSection
	GlobalSection(ExtensibilityGlobals) = postSolution
		SolutionGuid = {03431417-2452-4C74-A8F3-FFA12C9DB993}
	EndGlobalSection
EndGlobal
