
Microsoft Visual Studio Solution File, Format Version 12.00
# Visual Studio Version 16
VisualStudioVersion = 16.0.30413.136
MinimumVisualStudioVersion = 10.0.40219.1
Project("{FAE04EC0-301F-11D3-BF4B-00C04F79EFBC}") = "Compare_strings", "Compare_strings.csproj", "{7517512F-90A9-45C8-A962-3F581C4D8283}"
EndProject
Global
	GlobalSection(SolutionConfigurationPlatforms) = preSolution
		Debug|Any CPU = Debug|Any CPU
		Release|Any CPU = Release|Any CPU
	EndGlobalSection
	GlobalSection(ProjectConfigurationPlatforms) = postSolution
		{7517512F-90A9-45C8-A962-3F581C4D8283}.Debug|Any CPU.ActiveCfg = Debug|Any CPU
		{7517512F-90A9-45C8-A962-3F581C4D8283}.Debug|Any CPU.Build.0 = Debug|Any CPU
		{7517512F-90A9-45C8-A962-3F581C4D8283}.Release|Any CPU.ActiveCfg = Release|Any CPU
		{7517512F-90A9-45C8-A962-3F581C4D8283}.Release|Any CPU.Build.0 = Release|Any CPU
	EndGlobalSection
	GlobalSection(SolutionProperties) = preSolution
		HideSolutionNode = FALSE
	EndGlobalSection
	GlobalSection(ExtensibilityGlobals) = postSolution
		SolutionGuid = {B29C95F0-7025-48B0-9CB8-EC6D54D22D41}
	EndGlobalSection
EndGlobal
